
Microsoft Visual Studio Solution File, Format Version 12.00
# Visual Studio Version 16
VisualStudioVersion = 16.0.28803.202
MinimumVisualStudioVersion = 10.0.40219.1
Project("{FAE04EC0-301F-11D3-BF4B-00C04F79EFBC}") = "PHS.Core", "PHS.Core\PHS.Core.csproj", "{1F50CED0-6125-438B-90AB-AC033251DAE1}"
EndProject
Project("{FAE04EC0-301F-11D3-BF4B-00C04F79EFBC}") = "PHS.Networking", "PHS.Networking\PHS.Networking.csproj", "{67518F87-7839-4E5B-B516-E8497E7FFA76}"
EndProject
Project("{FAE04EC0-301F-11D3-BF4B-00C04F79EFBC}") = "PHS.Networking.Server", "PHS.Networking.Server\PHS.Networking.Server.csproj", "{36C9BC38-B613-4699-BFC0-94A6CF680CF2}"
EndProject
Global
	GlobalSection(SolutionConfigurationPlatforms) = preSolution
		Debug|Any CPU = Debug|Any CPU
		Release|Any CPU = Release|Any CPU
	EndGlobalSection
	GlobalSection(ProjectConfigurationPlatforms) = postSolution
		{1F50CED0-6125-438B-90AB-AC033251DAE1}.Debug|Any CPU.ActiveCfg = Debug|Any CPU
		{1F50CED0-6125-438B-90AB-AC033251DAE1}.Debug|Any CPU.Build.0 = Debug|Any CPU
		{1F50CED0-6125-438B-90AB-AC033251DAE1}.Release|Any CPU.ActiveCfg = Release|Any CPU
		{1F50CED0-6125-438B-90AB-AC033251DAE1}.Release|Any CPU.Build.0 = Release|Any CPU
		{67518F87-7839-4E5B-B516-E8497E7FFA76}.Debug|Any CPU.ActiveCfg = Debug|Any CPU
		{67518F87-7839-4E5B-B516-E8497E7FFA76}.Debug|Any CPU.Build.0 = Debug|Any CPU
		{67518F87-7839-4E5B-B516-E8497E7FFA76}.Release|Any CPU.ActiveCfg = Release|Any CPU
		{67518F87-7839-4E5B-B516-E8497E7FFA76}.Release|Any CPU.Build.0 = Release|Any CPU
		{36C9BC38-B613-4699-BFC0-94A6CF680CF2}.Debug|Any CPU.ActiveCfg = Debug|Any CPU
		{36C9BC38-B613-4699-BFC0-94A6CF680CF2}.Debug|Any CPU.Build.0 = Debug|Any CPU
		{36C9BC38-B613-4699-BFC0-94A6CF680CF2}.Release|Any CPU.ActiveCfg = Release|Any CPU
		{36C9BC38-B613-4699-BFC0-94A6CF680CF2}.Release|Any CPU.Build.0 = Release|Any CPU
	EndGlobalSection
	GlobalSection(SolutionProperties) = preSolution
		HideSolutionNode = FALSE
	EndGlobalSection
	GlobalSection(ExtensibilityGlobals) = postSolution
		SolutionGuid = {1057192C-61B8-478E-9683-B71AD30C4CAC}
	EndGlobalSection
EndGlobal
