
Microsoft Visual Studio Solution File, Format Version 12.00
# Visual Studio Version 16
VisualStudioVersion = 16.0.28803.202
MinimumVisualStudioVersion = 10.0.40219.1
Project("{FAE04EC0-301F-11D3-BF4B-00C04F79EFBC}") = "PHS.Core", "PHS.Core\PHS.Core.csproj", "{2D8C6F0F-EFED-4038-9280-B0966C9257BA}"
EndProject
Project("{FAE04EC0-301F-11D3-BF4B-00C04F79EFBC}") = "PHS.Networking", "PHS.Networking\PHS.Networking.csproj", "{EC458C62-9433-4E6A-B85F-D1826EC8DA78}"
EndProject
Project("{FAE04EC0-301F-11D3-BF4B-00C04F79EFBC}") = "PHS.Networking.Server", "PHS.Networking.Server\PHS.Networking.Server.csproj", "{E2EF19ED-2BA9-4AF4-8717-B6710564439A}"
EndProject
Global
	GlobalSection(SolutionConfigurationPlatforms) = preSolution
		Debug|Any CPU = Debug|Any CPU
		Release|Any CPU = Release|Any CPU
	EndGlobalSection
	GlobalSection(ProjectConfigurationPlatforms) = postSolution
		{2D8C6F0F-EFED-4038-9280-B0966C9257BA}.Debug|Any CPU.ActiveCfg = Debug|Any CPU
		{2D8C6F0F-EFED-4038-9280-B0966C9257BA}.Debug|Any CPU.Build.0 = Debug|Any CPU
		{2D8C6F0F-EFED-4038-9280-B0966C9257BA}.Release|Any CPU.ActiveCfg = Release|Any CPU
		{2D8C6F0F-EFED-4038-9280-B0966C9257BA}.Release|Any CPU.Build.0 = Release|Any CPU
		{EC458C62-9433-4E6A-B85F-D1826EC8DA78}.Debug|Any CPU.ActiveCfg = Debug|Any CPU
		{EC458C62-9433-4E6A-B85F-D1826EC8DA78}.Debug|Any CPU.Build.0 = Debug|Any CPU
		{EC458C62-9433-4E6A-B85F-D1826EC8DA78}.Release|Any CPU.ActiveCfg = Release|Any CPU
		{EC458C62-9433-4E6A-B85F-D1826EC8DA78}.Release|Any CPU.Build.0 = Release|Any CPU
		{E2EF19ED-2BA9-4AF4-8717-B6710564439A}.Debug|Any CPU.ActiveCfg = Debug|Any CPU
		{E2EF19ED-2BA9-4AF4-8717-B6710564439A}.Debug|Any CPU.Build.0 = Debug|Any CPU
		{E2EF19ED-2BA9-4AF4-8717-B6710564439A}.Release|Any CPU.ActiveCfg = Release|Any CPU
		{E2EF19ED-2BA9-4AF4-8717-B6710564439A}.Release|Any CPU.Build.0 = Release|Any CPU
	EndGlobalSection
	GlobalSection(SolutionProperties) = preSolution
		HideSolutionNode = FALSE
	EndGlobalSection
	GlobalSection(ExtensibilityGlobals) = postSolution
		SolutionGuid = {1057192C-61B8-478E-9683-B71AD30C4CAC}
	EndGlobalSection
EndGlobal
